
Microsoft Visual Studio Solution File, Format Version 12.00
# Visual Studio Version 16
VisualStudioVersion = 16.0.30907.101
MinimumVisualStudioVersion = 10.0.40219.1
Project("{FAE04EC0-301F-11D3-BF4B-00C04F79EFBC}") = "Aritmeticas", "LAB1Prueba\Aritmeticas.csproj", "{2F17D34C-8A45-4ECD-93EC-B3D02D8360DE}"
EndProject
Project("{FAE04EC0-301F-11D3-BF4B-00C04F79EFBC}") = "Cliente", "Aritmeticas\Cliente.csproj", "{151AFE5D-4F90-4B19-8DDD-B237223E671D}"
EndProject
Global
	GlobalSection(SolutionConfigurationPlatforms) = preSolution
		Debug|Any CPU = Debug|Any CPU
		Release|Any CPU = Release|Any CPU
	EndGlobalSection
	GlobalSection(ProjectConfigurationPlatforms) = postSolution
		{2F17D34C-8A45-4ECD-93EC-B3D02D8360DE}.Debug|Any CPU.ActiveCfg = Debug|Any CPU
		{2F17D34C-8A45-4ECD-93EC-B3D02D8360DE}.Debug|Any CPU.Build.0 = Debug|Any CPU
		{2F17D34C-8A45-4ECD-93EC-B3D02D8360DE}.Release|Any CPU.ActiveCfg = Release|Any CPU
		{2F17D34C-8A45-4ECD-93EC-B3D02D8360DE}.Release|Any CPU.Build.0 = Release|Any CPU
		{151AFE5D-4F90-4B19-8DDD-B237223E671D}.Debug|Any CPU.ActiveCfg = Debug|Any CPU
		{151AFE5D-4F90-4B19-8DDD-B237223E671D}.Debug|Any CPU.Build.0 = Debug|Any CPU
		{151AFE5D-4F90-4B19-8DDD-B237223E671D}.Release|Any CPU.ActiveCfg = Release|Any CPU
		{151AFE5D-4F90-4B19-8DDD-B237223E671D}.Release|Any CPU.Build.0 = Release|Any CPU
	EndGlobalSection
	GlobalSection(SolutionProperties) = preSolution
		HideSolutionNode = FALSE
	EndGlobalSection
	GlobalSection(ExtensibilityGlobals) = postSolution
		SolutionGuid = {FEF481F6-F7FD-4CEA-AB8C-347AFB221C29}
	EndGlobalSection
EndGlobal
